// !$*UTF8*$!
{
	archiveVersion = 1;
	classes = {
	};
	objectVersion = 50;
	objects = {

/* Begin PBXBuildFile section */
		78A4BA5423E618AC00BA2505 /* State.swift in Sources */ = {isa = PBXBuildFile; fileRef = 78A4BA5323E618AC00BA2505 /* State.swift */; };
		93C74FA623D91CFE003BF585 /* AppDelegate.swift in Sources */ = {isa = PBXBuildFile; fileRef = 93C74FA523D91CFE003BF585 /* AppDelegate.swift */; };
		93C74FA823D91CFE003BF585 /* SceneDelegate.swift in Sources */ = {isa = PBXBuildFile; fileRef = 93C74FA723D91CFE003BF585 /* SceneDelegate.swift */; };
		93C74FAA23D91CFE003BF585 /* ViewController.swift in Sources */ = {isa = PBXBuildFile; fileRef = 93C74FA923D91CFE003BF585 /* ViewController.swift */; };
		93C74FAD23D91CFE003BF585 /* Main.storyboard in Resources */ = {isa = PBXBuildFile; fileRef = 93C74FAB23D91CFE003BF585 /* Main.storyboard */; };
		93C74FAF23D91D01003BF585 /* Assets.xcassets in Resources */ = {isa = PBXBuildFile; fileRef = 93C74FAE23D91D01003BF585 /* Assets.xcassets */; };
		93C74FB223D91D01003BF585 /* LaunchScreen.storyboard in Resources */ = {isa = PBXBuildFile; fileRef = 93C74FB023D91D01003BF585 /* LaunchScreen.storyboard */; };
		93C74FBD23D91D01003BF585 /* TestAppTests.swift in Sources */ = {isa = PBXBuildFile; fileRef = 93C74FBC23D91D01003BF585 /* TestAppTests.swift */; };
		93C74FC823D91D01003BF585 /* TestAppUITests.swift in Sources */ = {isa = PBXBuildFile; fileRef = 93C74FC723D91D01003BF585 /* TestAppUITests.swift */; };
		E09688D923F7E750006F9CBF /* FirstViewController.swift in Sources */ = {isa = PBXBuildFile; fileRef = E09688D823F7E750006F9CBF /* FirstViewController.swift */; };
		E09688DB23F7E77A006F9CBF /* NewViewController.swift in Sources */ = {isa = PBXBuildFile; fileRef = E09688DA23F7E77A006F9CBF /* NewViewController.swift */; };
/* End PBXBuildFile section */

/* Begin PBXContainerItemProxy section */
		93C74FB923D91D01003BF585 /* PBXContainerItemProxy */ = {
			isa = PBXContainerItemProxy;
			containerPortal = 93C74F9A23D91CFE003BF585 /* Project object */;
			proxyType = 1;
			remoteGlobalIDString = 93C74FA123D91CFE003BF585;
			remoteInfo = TestApp;
		};
		93C74FC423D91D01003BF585 /* PBXContainerItemProxy */ = {
			isa = PBXContainerItemProxy;
			containerPortal = 93C74F9A23D91CFE003BF585 /* Project object */;
			proxyType = 1;
			remoteGlobalIDString = 93C74FA123D91CFE003BF585;
			remoteInfo = TestApp;
		};
/* End PBXContainerItemProxy section */

/* Begin PBXFileReference section */
		78A4BA5323E618AC00BA2505 /* State.swift */ = {isa = PBXFileReference; lastKnownFileType = sourcecode.swift; path = State.swift; sourceTree = "<group>"; };
		93C74FA223D91CFE003BF585 /* TestApp.app */ = {isa = PBXFileReference; explicitFileType = wrapper.application; includeInIndex = 0; path = TestApp.app; sourceTree = BUILT_PRODUCTS_DIR; };
		93C74FA523D91CFE003BF585 /* AppDelegate.swift */ = {isa = PBXFileReference; lastKnownFileType = sourcecode.swift; path = AppDelegate.swift; sourceTree = "<group>"; };
		93C74FA723D91CFE003BF585 /* SceneDelegate.swift */ = {isa = PBXFileReference; lastKnownFileType = sourcecode.swift; path = SceneDelegate.swift; sourceTree = "<group>"; };
		93C74FA923D91CFE003BF585 /* ViewController.swift */ = {isa = PBXFileReference; lastKnownFileType = sourcecode.swift; path = ViewController.swift; sourceTree = "<group>"; };
		93C74FAC23D91CFE003BF585 /* Base */ = {isa = PBXFileReference; lastKnownFileType = file.storyboard; name = Base; path = Base.lproj/Main.storyboard; sourceTree = "<group>"; };
		93C74FAE23D91D01003BF585 /* Assets.xcassets */ = {isa = PBXFileReference; lastKnownFileType = folder.assetcatalog; path = Assets.xcassets; sourceTree = "<group>"; };
		93C74FB123D91D01003BF585 /* Base */ = {isa = PBXFileReference; lastKnownFileType = file.storyboard; name = Base; path = Base.lproj/LaunchScreen.storyboard; sourceTree = "<group>"; };
		93C74FB323D91D01003BF585 /* Info.plist */ = {isa = PBXFileReference; lastKnownFileType = text.plist.xml; path = Info.plist; sourceTree = "<group>"; };
		93C74FB823D91D01003BF585 /* TestAppTests.xctest */ = {isa = PBXFileReference; explicitFileType = wrapper.cfbundle; includeInIndex = 0; path = TestAppTests.xctest; sourceTree = BUILT_PRODUCTS_DIR; };
		93C74FBC23D91D01003BF585 /* TestAppTests.swift */ = {isa = PBXFileReference; lastKnownFileType = sourcecode.swift; path = TestAppTests.swift; sourceTree = "<group>"; };
		93C74FBE23D91D01003BF585 /* Info.plist */ = {isa = PBXFileReference; lastKnownFileType = text.plist.xml; path = Info.plist; sourceTree = "<group>"; };
		93C74FC323D91D01003BF585 /* TestAppUITests.xctest */ = {isa = PBXFileReference; explicitFileType = wrapper.cfbundle; includeInIndex = 0; path = TestAppUITests.xctest; sourceTree = BUILT_PRODUCTS_DIR; };
		93C74FC723D91D01003BF585 /* TestAppUITests.swift */ = {isa = PBXFileReference; lastKnownFileType = sourcecode.swift; path = TestAppUITests.swift; sourceTree = "<group>"; };
		93C74FC923D91D01003BF585 /* Info.plist */ = {isa = PBXFileReference; lastKnownFileType = text.plist.xml; path = Info.plist; sourceTree = "<group>"; };
		E09688D823F7E750006F9CBF /* FirstViewController.swift */ = {isa = PBXFileReference; lastKnownFileType = sourcecode.swift; path = FirstViewController.swift; sourceTree = "<group>"; };
		E09688DA23F7E77A006F9CBF /* NewViewController.swift */ = {isa = PBXFileReference; lastKnownFileType = sourcecode.swift; path = NewViewController.swift; sourceTree = "<group>"; };
/* End PBXFileReference section */

/* Begin PBXFrameworksBuildPhase section */
		93C74F9F23D91CFE003BF585 /* Frameworks */ = {
			isa = PBXFrameworksBuildPhase;
			buildActionMask = 2147483647;
			files = (
			);
			runOnlyForDeploymentPostprocessing = 0;
		};
		93C74FB523D91D01003BF585 /* Frameworks */ = {
			isa = PBXFrameworksBuildPhase;
			buildActionMask = 2147483647;
			files = (
			);
			runOnlyForDeploymentPostprocessing = 0;
		};
		93C74FC023D91D01003BF585 /* Frameworks */ = {
			isa = PBXFrameworksBuildPhase;
			buildActionMask = 2147483647;
			files = (
			);
			runOnlyForDeploymentPostprocessing = 0;
		};
/* End PBXFrameworksBuildPhase section */

/* Begin PBXGroup section */
		93C74F9923D91CFE003BF585 = {
			isa = PBXGroup;
			children = (
				93C74FA423D91CFE003BF585 /* TestApp */,
				93C74FBB23D91D01003BF585 /* TestAppTests */,
				93C74FC623D91D01003BF585 /* TestAppUITests */,
				93C74FA323D91CFE003BF585 /* Products */,
			);
			sourceTree = "<group>";
		};
		93C74FA323D91CFE003BF585 /* Products */ = {
			isa = PBXGroup;
			children = (
				93C74FA223D91CFE003BF585 /* TestApp.app */,
				93C74FB823D91D01003BF585 /* TestAppTests.xctest */,
				93C74FC323D91D01003BF585 /* TestAppUITests.xctest */,
			);
			name = Products;
			sourceTree = "<group>";
		};
		93C74FA423D91CFE003BF585 /* TestApp */ = {
			isa = PBXGroup;
			children = (
				93C74FA523D91CFE003BF585 /* AppDelegate.swift */,
				93C74FA723D91CFE003BF585 /* SceneDelegate.swift */,
				93C74FA923D91CFE003BF585 /* ViewController.swift */,
				93C74FAB23D91CFE003BF585 /* Main.storyboard */,
				E09688D823F7E750006F9CBF /* FirstViewController.swift */,
				E09688DA23F7E77A006F9CBF /* NewViewController.swift */,
				93C74FAE23D91D01003BF585 /* Assets.xcassets */,
				93C74FB023D91D01003BF585 /* LaunchScreen.storyboard */,
				93C74FB323D91D01003BF585 /* Info.plist */,
				78A4BA5323E618AC00BA2505 /* State.swift */,
			);
			path = TestApp;
			sourceTree = "<group>";
		};
		93C74FBB23D91D01003BF585 /* TestAppTests */ = {
			isa = PBXGroup;
			children = (
				93C74FBC23D91D01003BF585 /* TestAppTests.swift */,
				93C74FBE23D91D01003BF585 /* Info.plist */,
			);
			path = TestAppTests;
			sourceTree = "<group>";
		};
		93C74FC623D91D01003BF585 /* TestAppUITests */ = {
			isa = PBXGroup;
			children = (
				93C74FC723D91D01003BF585 /* TestAppUITests.swift */,
				93C74FC923D91D01003BF585 /* Info.plist */,
			);
			path = TestAppUITests;
			sourceTree = "<group>";
		};
/* End PBXGroup section */

/* Begin PBXNativeTarget section */
		93C74FA123D91CFE003BF585 /* TestApp */ = {
			isa = PBXNativeTarget;
			buildConfigurationList = 93C74FCC23D91D01003BF585 /* Build configuration list for PBXNativeTarget "TestApp" */;
			buildPhases = (
				93C74F9E23D91CFE003BF585 /* Sources */,
				93C74F9F23D91CFE003BF585 /* Frameworks */,
				93C74FA023D91CFE003BF585 /* Resources */,
			);
			buildRules = (
			);
			dependencies = (
			);
			name = TestApp;
			productName = TestApp;
			productReference = 93C74FA223D91CFE003BF585 /* TestApp.app */;
			productType = "com.apple.product-type.application";
		};
		93C74FB723D91D01003BF585 /* TestAppTests */ = {
			isa = PBXNativeTarget;
			buildConfigurationList = 93C74FCF23D91D01003BF585 /* Build configuration list for PBXNativeTarget "TestAppTests" */;
			buildPhases = (
				93C74FB423D91D01003BF585 /* Sources */,
				93C74FB523D91D01003BF585 /* Frameworks */,
				93C74FB623D91D01003BF585 /* Resources */,
			);
			buildRules = (
			);
			dependencies = (
				93C74FBA23D91D01003BF585 /* PBXTargetDependency */,
			);
			name = TestAppTests;
			productName = TestAppTests;
			productReference = 93C74FB823D91D01003BF585 /* TestAppTests.xctest */;
			productType = "com.apple.product-type.bundle.unit-test";
		};
		93C74FC223D91D01003BF585 /* TestAppUITests */ = {
			isa = PBXNativeTarget;
			buildConfigurationList = 93C74FD223D91D01003BF585 /* Build configuration list for PBXNativeTarget "TestAppUITests" */;
			buildPhases = (
				93C74FBF23D91D01003BF585 /* Sources */,
				93C74FC023D91D01003BF585 /* Frameworks */,
				93C74FC123D91D01003BF585 /* Resources */,
			);
			buildRules = (
			);
			dependencies = (
				93C74FC523D91D01003BF585 /* PBXTargetDependency */,
			);
			name = TestAppUITests;
			productName = TestAppUITests;
			productReference = 93C74FC323D91D01003BF585 /* TestAppUITests.xctest */;
			productType = "com.apple.product-type.bundle.ui-testing";
		};
/* End PBXNativeTarget section */

/* Begin PBXProject section */
		93C74F9A23D91CFE003BF585 /* Project object */ = {
			isa = PBXProject;
			attributes = {
				LastSwiftUpdateCheck = 1130;
				LastUpgradeCheck = 1130;
				ORGANIZATIONNAME = "Senior Design";
				TargetAttributes = {
					93C74FA123D91CFE003BF585 = {
						CreatedOnToolsVersion = 11.3.1;
					};
					93C74FB723D91D01003BF585 = {
						CreatedOnToolsVersion = 11.3.1;
						TestTargetID = 93C74FA123D91CFE003BF585;
					};
					93C74FC223D91D01003BF585 = {
						CreatedOnToolsVersion = 11.3.1;
						TestTargetID = 93C74FA123D91CFE003BF585;
					};
				};
			};
			buildConfigurationList = 93C74F9D23D91CFE003BF585 /* Build configuration list for PBXProject "TestApp" */;
			compatibilityVersion = "Xcode 9.3";
			developmentRegion = en;
			hasScannedForEncodings = 0;
			knownRegions = (
				en,
				Base,
			);
			mainGroup = 93C74F9923D91CFE003BF585;
			productRefGroup = 93C74FA323D91CFE003BF585 /* Products */;
			projectDirPath = "";
			projectRoot = "";
			targets = (
				93C74FA123D91CFE003BF585 /* TestApp */,
				93C74FB723D91D01003BF585 /* TestAppTests */,
				93C74FC223D91D01003BF585 /* TestAppUITests */,
			);
		};
/* End PBXProject section */

/* Begin PBXResourcesBuildPhase section */
		93C74FA023D91CFE003BF585 /* Resources */ = {
			isa = PBXResourcesBuildPhase;
			buildActionMask = 2147483647;
			files = (
				93C74FB223D91D01003BF585 /* LaunchScreen.storyboard in Resources */,
				93C74FAF23D91D01003BF585 /* Assets.xcassets in Resources */,
				93C74FAD23D91CFE003BF585 /* Main.storyboard in Resources */,
			);
			runOnlyForDeploymentPostprocessing = 0;
		};
		93C74FB623D91D01003BF585 /* Resources */ = {
			isa = PBXResourcesBuildPhase;
			buildActionMask = 2147483647;
			files = (
			);
			runOnlyForDeploymentPostprocessing = 0;
		};
		93C74FC123D91D01003BF585 /* Resources */ = {
			isa = PBXResourcesBuildPhase;
			buildActionMask = 2147483647;
			files = (
			);
			runOnlyForDeploymentPostprocessing = 0;
		};
/* End PBXResourcesBuildPhase section */

/* Begin PBXSourcesBuildPhase section */
		93C74F9E23D91CFE003BF585 /* Sources */ = {
			isa = PBXSourcesBuildPhase;
			buildActionMask = 2147483647;
			files = (
				E09688D923F7E750006F9CBF /* FirstViewController.swift in Sources */,
				93C74FAA23D91CFE003BF585 /* ViewController.swift in Sources */,
				93C74FA623D91CFE003BF585 /* AppDelegate.swift in Sources */,
				E09688DB23F7E77A006F9CBF /* NewViewController.swift in Sources */,
				93C74FA823D91CFE003BF585 /* SceneDelegate.swift in Sources */,
				78A4BA5423E618AC00BA2505 /* State.swift in Sources */,
			);
			runOnlyForDeploymentPostprocessing = 0;
		};
		93C74FB423D91D01003BF585 /* Sources */ = {
			isa = PBXSourcesBuildPhase;
			buildActionMask = 2147483647;
			files = (
				93C74FBD23D91D01003BF585 /* TestAppTests.swift in Sources */,
			);
			runOnlyForDeploymentPostprocessing = 0;
		};
		93C74FBF23D91D01003BF585 /* Sources */ = {
			isa = PBXSourcesBuildPhase;
			buildActionMask = 2147483647;
			files = (
				93C74FC823D91D01003BF585 /* TestAppUITests.swift in Sources */,
			);
			runOnlyForDeploymentPostprocessing = 0;
		};
/* End PBXSourcesBuildPhase section */

/* Begin PBXTargetDependency section */
		93C74FBA23D91D01003BF585 /* PBXTargetDependency */ = {
			isa = PBXTargetDependency;
			target = 93C74FA123D91CFE003BF585 /* TestApp */;
			targetProxy = 93C74FB923D91D01003BF585 /* PBXContainerItemProxy */;
		};
		93C74FC523D91D01003BF585 /* PBXTargetDependency */ = {
			isa = PBXTargetDependency;
			target = 93C74FA123D91CFE003BF585 /* TestApp */;
			targetProxy = 93C74FC423D91D01003BF585 /* PBXContainerItemProxy */;
		};
/* End PBXTargetDependency section */

/* Begin PBXVariantGroup section */
		93C74FAB23D91CFE003BF585 /* Main.storyboard */ = {
			isa = PBXVariantGroup;
			children = (
				93C74FAC23D91CFE003BF585 /* Base */,
			);
			name = Main.storyboard;
			sourceTree = "<group>";
		};
		93C74FB023D91D01003BF585 /* LaunchScreen.storyboard */ = {
			isa = PBXVariantGroup;
			children = (
				93C74FB123D91D01003BF585 /* Base */,
			);
			name = LaunchScreen.storyboard;
			sourceTree = "<group>";
		};
/* End PBXVariantGroup section */

/* Begin XCBuildConfiguration section */
		93C74FCA23D91D01003BF585 /* Debug */ = {
			isa = XCBuildConfiguration;
			buildSettings = {
				ALWAYS_SEARCH_USER_PATHS = NO;
				CLANG_ANALYZER_NONNULL = YES;
				CLANG_ANALYZER_NUMBER_OBJECT_CONVERSION = YES_AGGRESSIVE;
				CLANG_CXX_LANGUAGE_STANDARD = "gnu++14";
				CLANG_CXX_LIBRARY = "libc++";
				CLANG_ENABLE_MODULES = YES;
				CLANG_ENABLE_OBJC_ARC = YES;
				CLANG_ENABLE_OBJC_WEAK = YES;
				CLANG_WARN_BLOCK_CAPTURE_AUTORELEASING = YES;
				CLANG_WARN_BOOL_CONVERSION = YES;
				CLANG_WARN_COMMA = YES;
				CLANG_WARN_CONSTANT_CONVERSION = YES;
				CLANG_WARN_DEPRECATED_OBJC_IMPLEMENTATIONS = YES;
				CLANG_WARN_DIRECT_OBJC_ISA_USAGE = YES_ERROR;
				CLANG_WARN_DOCUMENTATION_COMMENTS = YES;
				CLANG_WARN_EMPTY_BODY = YES;
				CLANG_WARN_ENUM_CONVERSION = YES;
				CLANG_WARN_INFINITE_RECURSION = YES;
				CLANG_WARN_INT_CONVERSION = YES;
				CLANG_WARN_NON_LITERAL_NULL_CONVERSION = YES;
				CLANG_WARN_OBJC_IMPLICIT_RETAIN_SELF = YES;
				CLANG_WARN_OBJC_LITERAL_CONVERSION = YES;
				CLANG_WARN_OBJC_ROOT_CLASS = YES_ERROR;
				CLANG_WARN_RANGE_LOOP_ANALYSIS = YES;
				CLANG_WARN_STRICT_PROTOTYPES = YES;
				CLANG_WARN_SUSPICIOUS_MOVE = YES;
				CLANG_WARN_UNGUARDED_AVAILABILITY = YES_AGGRESSIVE;
				CLANG_WARN_UNREACHABLE_CODE = YES;
				CLANG_WARN__DUPLICATE_METHOD_MATCH = YES;
				COPY_PHASE_STRIP = NO;
				DEBUG_INFORMATION_FORMAT = dwarf;
				ENABLE_STRICT_OBJC_MSGSEND = YES;
				ENABLE_TESTABILITY = YES;
				GCC_C_LANGUAGE_STANDARD = gnu11;
				GCC_DYNAMIC_NO_PIC = NO;
				GCC_NO_COMMON_BLOCKS = YES;
				GCC_OPTIMIZATION_LEVEL = 0;
				GCC_PREPROCESSOR_DEFINITIONS = (
					"DEBUG=1",
					"$(inherited)",
				);
				GCC_WARN_64_TO_32_BIT_CONVERSION = YES;
				GCC_WARN_ABOUT_RETURN_TYPE = YES_ERROR;
				GCC_WARN_UNDECLARED_SELECTOR = YES;
				GCC_WARN_UNINITIALIZED_AUTOS = YES_AGGRESSIVE;
				GCC_WARN_UNUSED_FUNCTION = YES;
				GCC_WARN_UNUSED_VARIABLE = YES;
				IPHONEOS_DEPLOYMENT_TARGET = 13.2;
				MTL_ENABLE_DEBUG_INFO = INCLUDE_SOURCE;
				MTL_FAST_MATH = YES;
				ONLY_ACTIVE_ARCH = YES;
				SDKROOT = iphoneos;
				SWIFT_ACTIVE_COMPILATION_CONDITIONS = DEBUG;
				SWIFT_OPTIMIZATION_LEVEL = "-Onone";
			};
			name = Debug;
		};
		93C74FCB23D91D01003BF585 /* Release */ = {
			isa = XCBuildConfiguration;
			buildSettings = {
				ALWAYS_SEARCH_USER_PATHS = NO;
				CLANG_ANALYZER_NONNULL = YES;
				CLANG_ANALYZER_NUMBER_OBJECT_CONVERSION = YES_AGGRESSIVE;
				CLANG_CXX_LANGUAGE_STANDARD = "gnu++14";
				CLANG_CXX_LIBRARY = "libc++";
				CLANG_ENABLE_MODULES = YES;
				CLANG_ENABLE_OBJC_ARC = YES;
				CLANG_ENABLE_OBJC_WEAK = YES;
				CLANG_WARN_BLOCK_CAPTURE_AUTORELEASING = YES;
				CLANG_WARN_BOOL_CONVERSION = YES;
				CLANG_WARN_COMMA = YES;
				CLANG_WARN_CONSTANT_CONVERSION = YES;
				CLANG_WARN_DEPRECATED_OBJC_IMPLEMENTATIONS = YES;
				CLANG_WARN_DIRECT_OBJC_ISA_USAGE = YES_ERROR;
				CLANG_WARN_DOCUMENTATION_COMMENTS = YES;
				CLANG_WARN_EMPTY_BODY = YES;
				CLANG_WARN_ENUM_CONVERSION = YES;
				CLANG_WARN_INFINITE_RECURSION = YES;
				CLANG_WARN_INT_CONVERSION = YES;
				CLANG_WARN_NON_LITERAL_NULL_CONVERSION = YES;
				CLANG_WARN_OBJC_IMPLICIT_RETAIN_SELF = YES;
				CLANG_WARN_OBJC_LITERAL_CONVERSION = YES;
				CLANG_WARN_OBJC_ROOT_CLASS = YES_ERROR;
				CLANG_WARN_RANGE_LOOP_ANALYSIS = YES;
				CLANG_WARN_STRICT_PROTOTYPES = YES;
				CLANG_WARN_SUSPICIOUS_MOVE = YES;
				CLANG_WARN_UNGUARDED_AVAILABILITY = YES_AGGRESSIVE;
				CLANG_WARN_UNREACHABLE_CODE = YES;
				CLANG_WARN__DUPLICATE_METHOD_MATCH = YES;
				COPY_PHASE_STRIP = NO;
				DEBUG_INFORMATION_FORMAT = "dwarf-with-dsym";
				ENABLE_NS_ASSERTIONS = NO;
				ENABLE_STRICT_OBJC_MSGSEND = YES;
				GCC_C_LANGUAGE_STANDARD = gnu11;
				GCC_NO_COMMON_BLOCKS = YES;
				GCC_WARN_64_TO_32_BIT_CONVERSION = YES;
				GCC_WARN_ABOUT_RETURN_TYPE = YES_ERROR;
				GCC_WARN_UNDECLARED_SELECTOR = YES;
				GCC_WARN_UNINITIALIZED_AUTOS = YES_AGGRESSIVE;
				GCC_WARN_UNUSED_FUNCTION = YES;
				GCC_WARN_UNUSED_VARIABLE = YES;
				IPHONEOS_DEPLOYMENT_TARGET = 13.2;
				MTL_ENABLE_DEBUG_INFO = NO;
				MTL_FAST_MATH = YES;
				SDKROOT = iphoneos;
				SWIFT_COMPILATION_MODE = wholemodule;
				SWIFT_OPTIMIZATION_LEVEL = "-O";
				VALIDATE_PRODUCT = YES;
			};
			name = Release;
		};
		93C74FCD23D91D01003BF585 /* Debug */ = {
			isa = XCBuildConfiguration;
			buildSettings = {
				ASSETCATALOG_COMPILER_APPICON_NAME = AppIcon;
				CODE_SIGN_STYLE = Automatic;
				DEVELOPMENT_TEAM = 3BM743GJUH;
				INFOPLIST_FILE = TestApp/Info.plist;
				LD_RUNPATH_SEARCH_PATHS = (
					"$(inherited)",
					"@executable_path/Frameworks",
				);
				PRODUCT_BUNDLE_IDENTIFIER = BigD.TestApp;
				PRODUCT_NAME = "$(TARGET_NAME)";
				SWIFT_VERSION = 5.0;
				TARGETED_DEVICE_FAMILY = "1,2";
			};
			name = Debug;
		};
		93C74FCE23D91D01003BF585 /* Release */ = {
			isa = XCBuildConfiguration;
			buildSettings = {
				ASSETCATALOG_COMPILER_APPICON_NAME = AppIcon;
				CODE_SIGN_STYLE = Automatic;
				DEVELOPMENT_TEAM = 3BM743GJUH;
				INFOPLIST_FILE = TestApp/Info.plist;
				LD_RUNPATH_SEARCH_PATHS = (
					"$(inherited)",
					"@executable_path/Frameworks",
				);
				PRODUCT_BUNDLE_IDENTIFIER = Daytona520.TestApp;
				PRODUCT_NAME = "$(TARGET_NAME)";
				SWIFT_VERSION = 5.0;
				TARGETED_DEVICE_FAMILY = "1,2";
			};
			name = Release;
		};
		93C74FD023D91D01003BF585 /* Debug */ = {
			isa = XCBuildConfiguration;
			buildSettings = {
				ALWAYS_EMBED_SWIFT_STANDARD_LIBRARIES = YES;
				BUNDLE_LOADER = "$(TEST_HOST)";
				CODE_SIGN_STYLE = Automatic;
				INFOPLIST_FILE = TestAppTests/Info.plist;
				IPHONEOS_DEPLOYMENT_TARGET = 13.2;
				LD_RUNPATH_SEARCH_PATHS = (
					"$(inherited)",
					"@executable_path/Frameworks",
					"@loader_path/Frameworks",
				);
				PRODUCT_BUNDLE_IDENTIFIER = test.TestAppTests;
				PRODUCT_NAME = "$(TARGET_NAME)";
				SWIFT_VERSION = 5.0;
				TARGETED_DEVICE_FAMILY = "1,2";
				TEST_HOST = "$(BUILT_PRODUCTS_DIR)/TestApp.app/TestApp";
			};
			name = Debug;
		};
		93C74FD123D91D01003BF585 /* Release */ = {
			isa = XCBuildConfiguration;
			buildSettings = {
				ALWAYS_EMBED_SWIFT_STANDARD_LIBRARIES = YES;
				BUNDLE_LOADER = "$(TEST_HOST)";
				CODE_SIGN_STYLE = Automatic;
				INFOPLIST_FILE = TestAppTests/Info.plist;
				IPHONEOS_DEPLOYMENT_TARGET = 13.2;
				LD_RUNPATH_SEARCH_PATHS = (
					"$(inherited)",
					"@executable_path/Frameworks",
					"@loader_path/Frameworks",
				);
				PRODUCT_BUNDLE_IDENTIFIER = test.TestAppTests;
				PRODUCT_NAME = "$(TARGET_NAME)";
				SWIFT_VERSION = 5.0;
				TARGETED_DEVICE_FAMILY = "1,2";
				TEST_HOST = "$(BUILT_PRODUCTS_DIR)/TestApp.app/TestApp";
			};
			name = Release;
		};
		93C74FD323D91D01003BF585 /* Debug */ = {
			isa = XCBuildConfiguration;
			buildSettings = {
				ALWAYS_EMBED_SWIFT_STANDARD_LIBRARIES = YES;
				CODE_SIGN_STYLE = Automatic;
				INFOPLIST_FILE = TestAppUITests/Info.plist;
				LD_RUNPATH_SEARCH_PATHS = (
					"$(inherited)",
					"@executable_path/Frameworks",
					"@loader_path/Frameworks",
				);
				PRODUCT_BUNDLE_IDENTIFIER = test.TestAppUITests;
				PRODUCT_NAME = "$(TARGET_NAME)";
				SWIFT_VERSION = 5.0;
				TARGETED_DEVICE_FAMILY = "1,2";
				TEST_TARGET_NAME = TestApp;
			};
			name = Debug;
		};
		93C74FD423D91D01003BF585 /* Release */ = {
			isa = XCBuildConfiguration;
			buildSettings = {
				ALWAYS_EMBED_SWIFT_STANDARD_LIBRARIES = YES;
				CODE_SIGN_STYLE = Automatic;
				INFOPLIST_FILE = TestAppUITests/Info.plist;
				LD_RUNPATH_SEARCH_PATHS = (
					"$(inherited)",
					"@executable_path/Frameworks",
					"@loader_path/Frameworks",
				);
				PRODUCT_BUNDLE_IDENTIFIER = test.TestAppUITests;
				PRODUCT_NAME = "$(TARGET_NAME)";
				SWIFT_VERSION = 5.0;
				TARGETED_DEVICE_FAMILY = "1,2";
				TEST_TARGET_NAME = TestApp;
			};
			name = Release;
		};
/* End XCBuildConfiguration section */

/* Begin XCConfigurationList section */
		93C74F9D23D91CFE003BF585 /* Build configuration list for PBXProject "TestApp" */ = {
			isa = XCConfigurationList;
			buildConfigurations = (
				93C74FCA23D91D01003BF585 /* Debug */,
				93C74FCB23D91D01003BF585 /* Release */,
			);
			defaultConfigurationIsVisible = 0;
			defaultConfigurationName = Release;
		};
		93C74FCC23D91D01003BF585 /* Build configuration list for PBXNativeTarget "TestApp" */ = {
			isa = XCConfigurationList;
			buildConfigurations = (
				93C74FCD23D91D01003BF585 /* Debug */,
				93C74FCE23D91D01003BF585 /* Release */,
			);
			defaultConfigurationIsVisible = 0;
			defaultConfigurationName = Release;
		};
		93C74FCF23D91D01003BF585 /* Build configuration list for PBXNativeTarget "TestAppTests" */ = {
			isa = XCConfigurationList;
			buildConfigurations = (
				93C74FD023D91D01003BF585 /* Debug */,
				93C74FD123D91D01003BF585 /* Release */,
			);
			defaultConfigurationIsVisible = 0;
			defaultConfigurationName = Release;
		};
		93C74FD223D91D01003BF585 /* Build configuration list for PBXNativeTarget "TestAppUITests" */ = {
			isa = XCConfigurationList;
			buildConfigurations = (
				93C74FD323D91D01003BF585 /* Debug */,
				93C74FD423D91D01003BF585 /* Release */,
			);
			defaultConfigurationIsVisible = 0;
			defaultConfigurationName = Release;
		};
/* End XCConfigurationList section */
	};
	rootObject = 93C74F9A23D91CFE003BF585 /* Project object */;
}
